
Microsoft Visual Studio Solution File, Format Version 12.00
# Visual Studio 2012
Project("{2150E333-8FDC-42A3-9474-1A3956D46DE8}") = "src", "src", "{88F59B82-D409-49B5-A9FC-620F866D7CEF}"
EndProject
Project("{2150E333-8FDC-42A3-9474-1A3956D46DE8}") = "tests", "tests", "{82D0DB70-4A5D-49F3-B23E-99872F229B11}"
EndProject
Project("{FAE04EC0-301F-11D3-BF4B-00C04F79EFBC}") = "Zazz.Core", "src\Zazz.Core\Zazz.Core.csproj", "{A2879224-80D7-402D-A263-81B66B720F4C}"
EndProject
Project("{FAE04EC0-301F-11D3-BF4B-00C04F79EFBC}") = "Zazz.Data", "src\Zazz.Data\Zazz.Data.csproj", "{0C41E54B-BE21-40FB-B478-D1521DEA1CF4}"
EndProject
Project("{FAE04EC0-301F-11D3-BF4B-00C04F79EFBC}") = "Zazz.Infrastructure", "src\Zazz.Infrastructure\Zazz.Infrastructure.csproj", "{C86D475A-5D4B-4D53-8067-7F534F18319F}"
EndProject
Project("{2150E333-8FDC-42A3-9474-1A3956D46DE8}") = ".nuget", ".nuget", "{B351DA2A-4021-41EE-8375-99B2EC174E3C}"
	ProjectSection(SolutionItems) = preProject
		.nuget\NuGet.Config = .nuget\NuGet.Config
		.nuget\NuGet.exe = .nuget\NuGet.exe
		.nuget\NuGet.targets = .nuget\NuGet.targets
	EndProjectSection
EndProject
Project("{FAE04EC0-301F-11D3-BF4B-00C04F79EFBC}") = "Zazz.IntegrationTests", "tests\Zazz.IntegrationTests\Zazz.IntegrationTests.csproj", "{83E5C255-2C2A-4DBF-82F9-3DFC00379025}"
EndProject
Project("{FAE04EC0-301F-11D3-BF4B-00C04F79EFBC}") = "Zazz.UnitTests", "tests\Zazz.UnitTests\Zazz.UnitTests.csproj", "{4F17A608-2614-4CAD-B92B-4833F1DC902E}"
EndProject
Global
	GlobalSection(SolutionConfigurationPlatforms) = preSolution
		Debug|Any CPU = Debug|Any CPU
		Release|Any CPU = Release|Any CPU
	EndGlobalSection
	GlobalSection(ProjectConfigurationPlatforms) = postSolution
		{A2879224-80D7-402D-A263-81B66B720F4C}.Debug|Any CPU.ActiveCfg = Debug|Any CPU
		{A2879224-80D7-402D-A263-81B66B720F4C}.Debug|Any CPU.Build.0 = Debug|Any CPU
		{A2879224-80D7-402D-A263-81B66B720F4C}.Release|Any CPU.ActiveCfg = Release|Any CPU
		{A2879224-80D7-402D-A263-81B66B720F4C}.Release|Any CPU.Build.0 = Release|Any CPU
		{0C41E54B-BE21-40FB-B478-D1521DEA1CF4}.Debug|Any CPU.ActiveCfg = Debug|Any CPU
		{0C41E54B-BE21-40FB-B478-D1521DEA1CF4}.Debug|Any CPU.Build.0 = Debug|Any CPU
		{0C41E54B-BE21-40FB-B478-D1521DEA1CF4}.Release|Any CPU.ActiveCfg = Release|Any CPU
		{0C41E54B-BE21-40FB-B478-D1521DEA1CF4}.Release|Any CPU.Build.0 = Release|Any CPU
		{C86D475A-5D4B-4D53-8067-7F534F18319F}.Debug|Any CPU.ActiveCfg = Debug|Any CPU
		{C86D475A-5D4B-4D53-8067-7F534F18319F}.Debug|Any CPU.Build.0 = Debug|Any CPU
		{C86D475A-5D4B-4D53-8067-7F534F18319F}.Release|Any CPU.ActiveCfg = Release|Any CPU
		{C86D475A-5D4B-4D53-8067-7F534F18319F}.Release|Any CPU.Build.0 = Release|Any CPU
		{83E5C255-2C2A-4DBF-82F9-3DFC00379025}.Debug|Any CPU.ActiveCfg = Debug|Any CPU
		{83E5C255-2C2A-4DBF-82F9-3DFC00379025}.Debug|Any CPU.Build.0 = Debug|Any CPU
		{83E5C255-2C2A-4DBF-82F9-3DFC00379025}.Release|Any CPU.ActiveCfg = Release|Any CPU
		{83E5C255-2C2A-4DBF-82F9-3DFC00379025}.Release|Any CPU.Build.0 = Release|Any CPU
		{4F17A608-2614-4CAD-B92B-4833F1DC902E}.Debug|Any CPU.ActiveCfg = Debug|Any CPU
		{4F17A608-2614-4CAD-B92B-4833F1DC902E}.Debug|Any CPU.Build.0 = Debug|Any CPU
		{4F17A608-2614-4CAD-B92B-4833F1DC902E}.Release|Any CPU.ActiveCfg = Release|Any CPU
		{4F17A608-2614-4CAD-B92B-4833F1DC902E}.Release|Any CPU.Build.0 = Release|Any CPU
	EndGlobalSection
	GlobalSection(SolutionProperties) = preSolution
		HideSolutionNode = FALSE
	EndGlobalSection
	GlobalSection(NestedProjects) = preSolution
		{A2879224-80D7-402D-A263-81B66B720F4C} = {88F59B82-D409-49B5-A9FC-620F866D7CEF}
		{0C41E54B-BE21-40FB-B478-D1521DEA1CF4} = {88F59B82-D409-49B5-A9FC-620F866D7CEF}
		{C86D475A-5D4B-4D53-8067-7F534F18319F} = {88F59B82-D409-49B5-A9FC-620F866D7CEF}
		{83E5C255-2C2A-4DBF-82F9-3DFC00379025} = {82D0DB70-4A5D-49F3-B23E-99872F229B11}
		{4F17A608-2614-4CAD-B92B-4833F1DC902E} = {82D0DB70-4A5D-49F3-B23E-99872F229B11}
	EndGlobalSection
EndGlobal
